{
  "name": "csv-to-json-by-tataritsky",
  "version": "1.0.0",
  "lockfileVersion": 2,
  "requires": true,
  "packages": {
    "": {
      "name": "csv-to-json-by-tataritsky",
      "version": "1.0.0",
      "license": "ISC",
      "dependencies": {
        "csv-to-json-by-tataritsky": "^1.0.0"
      }
    },
    "node_modules/csv-to-json-by-tataritsky": {
      "version": "1.0.0",
      "resolved": "https://registry.npmjs.org/csv-to-json-by-tataritsky/-/csv-to-json-by-tataritsky-1.0.0.tgz",
      "integrity": "sha512-JlxN7yARUPw99M6soWMxxRrez6soMxTjbP+tOSlM6qeINC8nwovw9/UW2LtRcP6Hw5Mx+ykZcbcR3EMz0jpbZw=="
    }
  },
  "dependencies": {
    "csv-to-json-by-tataritsky": {
      "version": "1.0.0",
      "resolved": "https://registry.npmjs.org/csv-to-json-by-tataritsky/-/csv-to-json-by-tataritsky-1.0.0.tgz",
      "integrity": "sha512-JlxN7yARUPw99M6soWMxxRrez6soMxTjbP+tOSlM6qeINC8nwovw9/UW2LtRcP6Hw5Mx+ykZcbcR3EMz0jpbZw=="
    }
  }
}
